{
  "requires": true,
  "lockfileVersion": 1,
  "dependencies": {
    "athom-api": {
      "version": "2.1.193",
      "resolved": "https://registry.npmjs.org/athom-api/-/athom-api-2.1.193.tgz",
      "integrity": "sha512-lCvhR5tll436Fw+I3oucMbASJaSoeba5Od9LcA4mKqjp38fXk1yyMzc3WU5DvGBMTQgDKiiYp2Ka8MSSCYB2HA=="
    },
    "node-fetch": {
      "version": "2.6.0",
      "resolved": "https://registry.npmjs.org/node-fetch/-/node-fetch-2.6.0.tgz",
      "integrity": "sha512-8dG4H5ujfvFiqDmVu9fQ5bOHUC15JMjMY/Zumv26oOvvVJjM67KF8koCWIabKQ1GJIa9r2mMZscBq/TbdOcmNA=="
    }
  }
}
